// !$*UTF8*$!
{
	archiveVersion = 1;
	classes = {
	};
	objectVersion = 50;
	objects = {

/* Begin PBXBuildFile section */
		BF05FAA123E45F4E00D43D24 /* PaymentsViewController.swift in Sources */ = {isa = PBXBuildFile; fileRef = BF05FAA023E45F4E00D43D24 /* PaymentsViewController.swift */; };
		BF05FAA323E45F7C00D43D24 /* PaymentsView.swift in Sources */ = {isa = PBXBuildFile; fileRef = BF05FAA223E45F7C00D43D24 /* PaymentsView.swift */; };
		BF1205EA23DF0CAA0097693A /* Assets.xcassets in Resources */ = {isa = PBXBuildFile; fileRef = BF1205E923DF0CAA0097693A /* Assets.xcassets */; };
		BF1205EE23DF0CDB0097693A /* AppDelegate.swift in Sources */ = {isa = PBXBuildFile; fileRef = BF1205EB23DF0CDB0097693A /* AppDelegate.swift */; };
		BF1205F323DF0D1D0097693A /* LaunchScreen.storyboard in Resources */ = {isa = PBXBuildFile; fileRef = BF1205F123DF0D1D0097693A /* LaunchScreen.storyboard */; };
		BF2A081123E2EF9B009C87DC /* ShopViewController.swift in Sources */ = {isa = PBXBuildFile; fileRef = BF2A081023E2EF9B009C87DC /* ShopViewController.swift */; };
		BF2A081423E2F036009C87DC /* ShopView.swift in Sources */ = {isa = PBXBuildFile; fileRef = BF2A081323E2F036009C87DC /* ShopView.swift */; };
		BF89AFF923E2F1CA008D9AD5 /* UITableView+Dequeue.swift in Sources */ = {isa = PBXBuildFile; fileRef = BF89AFF823E2F1CA008D9AD5 /* UITableView+Dequeue.swift */; };
		BF89AFFB23E2F2C6008D9AD5 /* ShopViewModel.swift in Sources */ = {isa = PBXBuildFile; fileRef = BF89AFFA23E2F2C6008D9AD5 /* ShopViewModel.swift */; };
		BF89AFFD23E2F337008D9AD5 /* ShopItemCell.swift in Sources */ = {isa = PBXBuildFile; fileRef = BF89AFFC23E2F337008D9AD5 /* ShopItemCell.swift */; };
		BF89B00023E2F74D008D9AD5 /* GradientView.swift in Sources */ = {isa = PBXBuildFile; fileRef = BF89AFFF23E2F74D008D9AD5 /* GradientView.swift */; };
		BF89B00223E2F7B5008D9AD5 /* UIColor+Hex.swift in Sources */ = {isa = PBXBuildFile; fileRef = BF89B00123E2F7B5008D9AD5 /* UIColor+Hex.swift */; };
		BF89B00423E2F7F0008D9AD5 /* Gradients.swift in Sources */ = {isa = PBXBuildFile; fileRef = BF89B00323E2F7F0008D9AD5 /* Gradients.swift */; };
		BF89B00623E308E6008D9AD5 /* ExampleButton.swift in Sources */ = {isa = PBXBuildFile; fileRef = BF89B00523E308E6008D9AD5 /* ExampleButton.swift */; };
		BF89B00823E33328008D9AD5 /* ViewControllerFactory.swift in Sources */ = {isa = PBXBuildFile; fileRef = BF89B00723E33328008D9AD5 /* ViewControllerFactory.swift */; };
		BFA9095723DAF552001A277F /* PayMayaSDK.framework in Frameworks */ = {isa = PBXBuildFile; fileRef = BFA9095623DAF552001A277F /* PayMayaSDK.framework */; };
		BFA9095823DAF552001A277F /* PayMayaSDK.framework in Embed Frameworks */ = {isa = PBXBuildFile; fileRef = BFA9095623DAF552001A277F /* PayMayaSDK.framework */; settings = {ATTRIBUTES = (CodeSignOnCopy, RemoveHeadersOnCopy, ); }; };
		BFA9095A23DAF55E001A277F /* Networking.framework in Frameworks */ = {isa = PBXBuildFile; fileRef = BFA9095923DAF55E001A277F /* Networking.framework */; };
		BFA9095B23DAF55E001A277F /* Networking.framework in Embed Frameworks */ = {isa = PBXBuildFile; fileRef = BFA9095923DAF55E001A277F /* Networking.framework */; settings = {ATTRIBUTES = (CodeSignOnCopy, RemoveHeadersOnCopy, ); }; };
		BFC6F5EE23E4740A00DD18B2 /* PaymentButton.swift in Sources */ = {isa = PBXBuildFile; fileRef = BFC6F5ED23E4740A00DD18B2 /* PaymentButton.swift */; };
		BFC6F5F023E47DC300DD18B2 /* PaymentsViewModel.swift in Sources */ = {isa = PBXBuildFile; fileRef = BFC6F5EF23E47DC300DD18B2 /* PaymentsViewModel.swift */; };
		EB7B49D323E9A14C00090EC7 /* CardsViewController.swift in Sources */ = {isa = PBXBuildFile; fileRef = EB7B49D223E9A14C00090EC7 /* CardsViewController.swift */; };
/* End PBXBuildFile section */

/* Begin PBXCopyFilesBuildPhase section */
		BF1954B823D87B7300E9572F /* Embed Frameworks */ = {
			isa = PBXCopyFilesBuildPhase;
			buildActionMask = 2147483647;
			dstPath = "";
			dstSubfolderSpec = 10;
			files = (
				BFA9095B23DAF55E001A277F /* Networking.framework in Embed Frameworks */,
				BFA9095823DAF552001A277F /* PayMayaSDK.framework in Embed Frameworks */,
			);
			name = "Embed Frameworks";
			runOnlyForDeploymentPostprocessing = 0;
		};
/* End PBXCopyFilesBuildPhase section */

/* Begin PBXFileReference section */
		BF05FAA023E45F4E00D43D24 /* PaymentsViewController.swift */ = {isa = PBXFileReference; lastKnownFileType = sourcecode.swift; path = PaymentsViewController.swift; sourceTree = "<group>"; };
		BF05FAA223E45F7C00D43D24 /* PaymentsView.swift */ = {isa = PBXFileReference; lastKnownFileType = sourcecode.swift; path = PaymentsView.swift; sourceTree = "<group>"; };
		BF1205E923DF0CAA0097693A /* Assets.xcassets */ = {isa = PBXFileReference; lastKnownFileType = folder.assetcatalog; path = Assets.xcassets; sourceTree = SOURCE_ROOT; };
		BF1205EB23DF0CDB0097693A /* AppDelegate.swift */ = {isa = PBXFileReference; fileEncoding = 4; lastKnownFileType = sourcecode.swift; path = AppDelegate.swift; sourceTree = SOURCE_ROOT; };
		BF1205EC23DF0CDB0097693A /* Info.plist */ = {isa = PBXFileReference; lastKnownFileType = text.plist.xml; name = Info.plist; path = PayMayaExample/Info.plist; sourceTree = SOURCE_ROOT; };
		BF1205F223DF0D1D0097693A /* Base */ = {isa = PBXFileReference; lastKnownFileType = file.storyboard; name = Base; path = Base.lproj/LaunchScreen.storyboard; sourceTree = SOURCE_ROOT; };
		BF2A081023E2EF9B009C87DC /* ShopViewController.swift */ = {isa = PBXFileReference; lastKnownFileType = sourcecode.swift; path = ShopViewController.swift; sourceTree = "<group>"; };
		BF2A081323E2F036009C87DC /* ShopView.swift */ = {isa = PBXFileReference; lastKnownFileType = sourcecode.swift; path = ShopView.swift; sourceTree = "<group>"; };
		BF89AFF823E2F1CA008D9AD5 /* UITableView+Dequeue.swift */ = {isa = PBXFileReference; lastKnownFileType = sourcecode.swift; path = "UITableView+Dequeue.swift"; sourceTree = "<group>"; };
		BF89AFFA23E2F2C6008D9AD5 /* ShopViewModel.swift */ = {isa = PBXFileReference; lastKnownFileType = sourcecode.swift; path = ShopViewModel.swift; sourceTree = "<group>"; };
		BF89AFFC23E2F337008D9AD5 /* ShopItemCell.swift */ = {isa = PBXFileReference; lastKnownFileType = sourcecode.swift; path = ShopItemCell.swift; sourceTree = "<group>"; };
		BF89AFFF23E2F74D008D9AD5 /* GradientView.swift */ = {isa = PBXFileReference; lastKnownFileType = sourcecode.swift; path = GradientView.swift; sourceTree = "<group>"; };
		BF89B00123E2F7B5008D9AD5 /* UIColor+Hex.swift */ = {isa = PBXFileReference; lastKnownFileType = sourcecode.swift; path = "UIColor+Hex.swift"; sourceTree = "<group>"; };
		BF89B00323E2F7F0008D9AD5 /* Gradients.swift */ = {isa = PBXFileReference; lastKnownFileType = sourcecode.swift; path = Gradients.swift; sourceTree = "<group>"; };
		BF89B00523E308E6008D9AD5 /* ExampleButton.swift */ = {isa = PBXFileReference; lastKnownFileType = sourcecode.swift; path = ExampleButton.swift; sourceTree = "<group>"; };
		BF89B00723E33328008D9AD5 /* ViewControllerFactory.swift */ = {isa = PBXFileReference; lastKnownFileType = sourcecode.swift; path = ViewControllerFactory.swift; sourceTree = "<group>"; };
		BFA9095623DAF552001A277F /* PayMayaSDK.framework */ = {isa = PBXFileReference; explicitFileType = wrapper.framework; path = PayMayaSDK.framework; sourceTree = BUILT_PRODUCTS_DIR; };
		BFA9095923DAF55E001A277F /* Networking.framework */ = {isa = PBXFileReference; explicitFileType = wrapper.framework; path = Networking.framework; sourceTree = BUILT_PRODUCTS_DIR; };
		BFC6583423D7032D000F5B52 /* PayMayaExample.app */ = {isa = PBXFileReference; explicitFileType = wrapper.application; includeInIndex = 0; path = PayMayaExample.app; sourceTree = BUILT_PRODUCTS_DIR; };
		BFC6F5ED23E4740A00DD18B2 /* PaymentButton.swift */ = {isa = PBXFileReference; lastKnownFileType = sourcecode.swift; path = PaymentButton.swift; sourceTree = "<group>"; };
		BFC6F5EF23E47DC300DD18B2 /* PaymentsViewModel.swift */ = {isa = PBXFileReference; lastKnownFileType = sourcecode.swift; path = PaymentsViewModel.swift; sourceTree = "<group>"; };
		EB7B49D223E9A14C00090EC7 /* CardsViewController.swift */ = {isa = PBXFileReference; lastKnownFileType = sourcecode.swift; path = CardsViewController.swift; sourceTree = "<group>"; };
/* End PBXFileReference section */

/* Begin PBXFrameworksBuildPhase section */
		BFC6583123D7032D000F5B52 /* Frameworks */ = {
			isa = PBXFrameworksBuildPhase;
			buildActionMask = 2147483647;
			files = (
				BFA9095A23DAF55E001A277F /* Networking.framework in Frameworks */,
				BFA9095723DAF552001A277F /* PayMayaSDK.framework in Frameworks */,
			);
			runOnlyForDeploymentPostprocessing = 0;
		};
/* End PBXFrameworksBuildPhase section */

/* Begin PBXGroup section */
		BF05FA9F23E45F3900D43D24 /* Payments */ = {
			isa = PBXGroup;
			children = (
				BF05FAA023E45F4E00D43D24 /* PaymentsViewController.swift */,
				BFC6F5EF23E47DC300DD18B2 /* PaymentsViewModel.swift */,
				BF05FAA223E45F7C00D43D24 /* PaymentsView.swift */,
			);
			path = Payments;
			sourceTree = "<group>";
		};
		BF1954B323D87B7300E9572F /* Frameworks */ = {
			isa = PBXGroup;
			children = (
				BFA9095923DAF55E001A277F /* Networking.framework */,
				BFA9095623DAF552001A277F /* PayMayaSDK.framework */,
			);
			name = Frameworks;
			sourceTree = "<group>";
		};
		BF2A081223E2EF9F009C87DC /* Shop */ = {
			isa = PBXGroup;
			children = (
				BF2A081023E2EF9B009C87DC /* ShopViewController.swift */,
				BF2A081323E2F036009C87DC /* ShopView.swift */,
				BF89AFFA23E2F2C6008D9AD5 /* ShopViewModel.swift */,
				BF89AFFC23E2F337008D9AD5 /* ShopItemCell.swift */,
			);
			path = Shop;
			sourceTree = "<group>";
		};
		BF89AFF723E2F1AC008D9AD5 /* Extensions */ = {
			isa = PBXGroup;
			children = (
				BF89AFF823E2F1CA008D9AD5 /* UITableView+Dequeue.swift */,
				BF89B00123E2F7B5008D9AD5 /* UIColor+Hex.swift */,
			);
			path = Extensions;
			sourceTree = "<group>";
		};
		BF89AFFE23E2F742008D9AD5 /* Common */ = {
			isa = PBXGroup;
			children = (
				BF89AFFF23E2F74D008D9AD5 /* GradientView.swift */,
				BFC6F5ED23E4740A00DD18B2 /* PaymentButton.swift */,
				BF89B00523E308E6008D9AD5 /* ExampleButton.swift */,
				BF89B00323E2F7F0008D9AD5 /* Gradients.swift */,
			);
			path = Common;
			sourceTree = "<group>";
		};
		BFC657B223D6FF4E000F5B52 = {
			isa = PBXGroup;
			children = (
				BFC6583523D7032D000F5B52 /* PayMayaExample */,
				BFC657BD23D6FF4E000F5B52 /* Products */,
				BF1954B323D87B7300E9572F /* Frameworks */,
			);
			sourceTree = "<group>";
		};
		BFC657BD23D6FF4E000F5B52 /* Products */ = {
			isa = PBXGroup;
			children = (
				BFC6583423D7032D000F5B52 /* PayMayaExample.app */,
			);
			name = Products;
			sourceTree = "<group>";
		};
		BFC6583523D7032D000F5B52 /* PayMayaExample */ = {
			isa = PBXGroup;
			children = (
				BF89AFF723E2F1AC008D9AD5 /* Extensions */,
				BF89AFFE23E2F742008D9AD5 /* Common */,
				BF2A081223E2EF9F009C87DC /* Shop */,
				BF05FA9F23E45F3900D43D24 /* Payments */,
				EB7B49D123E9A10C00090EC7 /* Vault */,
				BF1205F123DF0D1D0097693A /* LaunchScreen.storyboard */,
				BF1205EB23DF0CDB0097693A /* AppDelegate.swift */,
				BF89B00723E33328008D9AD5 /* ViewControllerFactory.swift */,
				BF1205EC23DF0CDB0097693A /* Info.plist */,
				BF1205E923DF0CAA0097693A /* Assets.xcassets */,
			);
			path = PayMayaExample;
			sourceTree = "<group>";
		};
		EB7B49D123E9A10C00090EC7 /* Vault */ = {
			isa = PBXGroup;
			children = (
				EB7B49D223E9A14C00090EC7 /* CardsViewController.swift */,
			);
			path = Vault;
			sourceTree = "<group>";
		};
/* End PBXGroup section */

/* Begin PBXNativeTarget section */
		BFC6583323D7032D000F5B52 /* PayMayaExample */ = {
			isa = PBXNativeTarget;
			buildConfigurationList = BFC6584523D7032E000F5B52 /* Build configuration list for PBXNativeTarget "PayMayaExample" */;
			buildPhases = (
				BFC6583023D7032D000F5B52 /* Sources */,
				BFC6583123D7032D000F5B52 /* Frameworks */,
				BFC6583223D7032D000F5B52 /* Resources */,
				BF1954B823D87B7300E9572F /* Embed Frameworks */,
			);
			buildRules = (
			);
			dependencies = (
			);
			name = PayMayaExample;
			productName = PaymayaExample;
			productReference = BFC6583423D7032D000F5B52 /* PayMayaExample.app */;
			productType = "com.apple.product-type.application";
		};
/* End PBXNativeTarget section */

/* Begin PBXProject section */
		BFC657B323D6FF4E000F5B52 /* Project object */ = {
			isa = PBXProject;
			attributes = {
				LastSwiftUpdateCheck = 1130;
				LastUpgradeCheck = 1130;
				ORGANIZATIONNAME = Miquido;
				TargetAttributes = {
					BFC6583323D7032D000F5B52 = {
						CreatedOnToolsVersion = 11.3.1;
						LastSwiftMigration = 1130;
					};
				};
			};
			buildConfigurationList = BFC657B623D6FF4E000F5B52 /* Build configuration list for PBXProject "PayMayaExample" */;
			compatibilityVersion = "Xcode 9.3";
			developmentRegion = en;
			hasScannedForEncodings = 0;
			knownRegions = (
				en,
				Base,
			);
			mainGroup = BFC657B223D6FF4E000F5B52;
			productRefGroup = BFC657BD23D6FF4E000F5B52 /* Products */;
			projectDirPath = "";
			projectRoot = "";
			targets = (
				BFC6583323D7032D000F5B52 /* PayMayaExample */,
			);
		};
/* End PBXProject section */

/* Begin PBXResourcesBuildPhase section */
		BFC6583223D7032D000F5B52 /* Resources */ = {
			isa = PBXResourcesBuildPhase;
			buildActionMask = 2147483647;
			files = (
				BF1205F323DF0D1D0097693A /* LaunchScreen.storyboard in Resources */,
				BF1205EA23DF0CAA0097693A /* Assets.xcassets in Resources */,
			);
			runOnlyForDeploymentPostprocessing = 0;
		};
/* End PBXResourcesBuildPhase section */

/* Begin PBXSourcesBuildPhase section */
		BFC6583023D7032D000F5B52 /* Sources */ = {
			isa = PBXSourcesBuildPhase;
			buildActionMask = 2147483647;
			files = (
				EB7B49D323E9A14C00090EC7 /* CardsViewController.swift in Sources */,
				BF89B00623E308E6008D9AD5 /* ExampleButton.swift in Sources */,
				BF89B00423E2F7F0008D9AD5 /* Gradients.swift in Sources */,
				BF05FAA323E45F7C00D43D24 /* PaymentsView.swift in Sources */,
				BF1205EE23DF0CDB0097693A /* AppDelegate.swift in Sources */,
				BF89AFFB23E2F2C6008D9AD5 /* ShopViewModel.swift in Sources */,
				BF89B00223E2F7B5008D9AD5 /* UIColor+Hex.swift in Sources */,
				BF05FAA123E45F4E00D43D24 /* PaymentsViewController.swift in Sources */,
				BF89AFFD23E2F337008D9AD5 /* ShopItemCell.swift in Sources */,
				BF2A081423E2F036009C87DC /* ShopView.swift in Sources */,
				BFC6F5F023E47DC300DD18B2 /* PaymentsViewModel.swift in Sources */,
				BF89AFF923E2F1CA008D9AD5 /* UITableView+Dequeue.swift in Sources */,
				BFC6F5EE23E4740A00DD18B2 /* PaymentButton.swift in Sources */,
				BF89B00023E2F74D008D9AD5 /* GradientView.swift in Sources */,
				BF2A081123E2EF9B009C87DC /* ShopViewController.swift in Sources */,
				BF89B00823E33328008D9AD5 /* ViewControllerFactory.swift in Sources */,
			);
			runOnlyForDeploymentPostprocessing = 0;
		};
/* End PBXSourcesBuildPhase section */

/* Begin PBXVariantGroup section */
		BF1205F123DF0D1D0097693A /* LaunchScreen.storyboard */ = {
			isa = PBXVariantGroup;
			children = (
				BF1205F223DF0D1D0097693A /* Base */,
			);
			name = LaunchScreen.storyboard;
			sourceTree = "<group>";
		};
/* End PBXVariantGroup section */

/* Begin XCBuildConfiguration section */
		BFC657CE23D6FF4F000F5B52 /* Debug */ = {
			isa = XCBuildConfiguration;
			buildSettings = {
				ALWAYS_SEARCH_USER_PATHS = NO;
				CLANG_ANALYZER_NONNULL = YES;
				CLANG_ANALYZER_NUMBER_OBJECT_CONVERSION = YES_AGGRESSIVE;
				CLANG_CXX_LANGUAGE_STANDARD = "gnu++14";
				CLANG_CXX_LIBRARY = "libc++";
				CLANG_ENABLE_MODULES = YES;
				CLANG_ENABLE_OBJC_ARC = YES;
				CLANG_ENABLE_OBJC_WEAK = YES;
				CLANG_WARN_BLOCK_CAPTURE_AUTORELEASING = YES;
				CLANG_WARN_BOOL_CONVERSION = YES;
				CLANG_WARN_COMMA = YES;
				CLANG_WARN_CONSTANT_CONVERSION = YES;
				CLANG_WARN_DEPRECATED_OBJC_IMPLEMENTATIONS = YES;
				CLANG_WARN_DIRECT_OBJC_ISA_USAGE = YES_ERROR;
				CLANG_WARN_DOCUMENTATION_COMMENTS = YES;
				CLANG_WARN_EMPTY_BODY = YES;
				CLANG_WARN_ENUM_CONVERSION = YES;
				CLANG_WARN_INFINITE_RECURSION = YES;
				CLANG_WARN_INT_CONVERSION = YES;
				CLANG_WARN_NON_LITERAL_NULL_CONVERSION = YES;
				CLANG_WARN_OBJC_IMPLICIT_RETAIN_SELF = YES;
				CLANG_WARN_OBJC_LITERAL_CONVERSION = YES;
				CLANG_WARN_OBJC_ROOT_CLASS = YES_ERROR;
				CLANG_WARN_RANGE_LOOP_ANALYSIS = YES;
				CLANG_WARN_STRICT_PROTOTYPES = YES;
				CLANG_WARN_SUSPICIOUS_MOVE = YES;
				CLANG_WARN_UNGUARDED_AVAILABILITY = YES_AGGRESSIVE;
				CLANG_WARN_UNREACHABLE_CODE = YES;
				CLANG_WARN__DUPLICATE_METHOD_MATCH = YES;
				COPY_PHASE_STRIP = NO;
				CURRENT_PROJECT_VERSION = 1;
				DEBUG_INFORMATION_FORMAT = dwarf;
				ENABLE_STRICT_OBJC_MSGSEND = YES;
				ENABLE_TESTABILITY = YES;
				GCC_C_LANGUAGE_STANDARD = gnu11;
				GCC_DYNAMIC_NO_PIC = NO;
				GCC_NO_COMMON_BLOCKS = YES;
				GCC_OPTIMIZATION_LEVEL = 0;
				GCC_PREPROCESSOR_DEFINITIONS = (
					"DEBUG=1",
					"$(inherited)",
				);
				GCC_WARN_64_TO_32_BIT_CONVERSION = YES;
				GCC_WARN_ABOUT_RETURN_TYPE = YES_ERROR;
				GCC_WARN_UNDECLARED_SELECTOR = YES;
				GCC_WARN_UNINITIALIZED_AUTOS = YES_AGGRESSIVE;
				GCC_WARN_UNUSED_FUNCTION = YES;
				GCC_WARN_UNUSED_VARIABLE = YES;
				INFOPLIST_FILE = PayMayaExample/Info.plist;
				IPHONEOS_DEPLOYMENT_TARGET = 12.0;
				MTL_ENABLE_DEBUG_INFO = INCLUDE_SOURCE;
				MTL_FAST_MATH = YES;
				ONLY_ACTIVE_ARCH = YES;
				SDKROOT = iphoneos;
				SWIFT_ACTIVE_COMPILATION_CONDITIONS = DEBUG;
				SWIFT_OPTIMIZATION_LEVEL = "-Onone";
				VERSIONING_SYSTEM = "apple-generic";
				VERSION_INFO_PREFIX = "";
			};
			name = Debug;
		};
		BFC657CF23D6FF4F000F5B52 /* Release */ = {
			isa = XCBuildConfiguration;
			buildSettings = {
				ALWAYS_SEARCH_USER_PATHS = NO;
				CLANG_ANALYZER_NONNULL = YES;
				CLANG_ANALYZER_NUMBER_OBJECT_CONVERSION = YES_AGGRESSIVE;
				CLANG_CXX_LANGUAGE_STANDARD = "gnu++14";
				CLANG_CXX_LIBRARY = "libc++";
				CLANG_ENABLE_MODULES = YES;
				CLANG_ENABLE_OBJC_ARC = YES;
				CLANG_ENABLE_OBJC_WEAK = YES;
				CLANG_WARN_BLOCK_CAPTURE_AUTORELEASING = YES;
				CLANG_WARN_BOOL_CONVERSION = YES;
				CLANG_WARN_COMMA = YES;
				CLANG_WARN_CONSTANT_CONVERSION = YES;
				CLANG_WARN_DEPRECATED_OBJC_IMPLEMENTATIONS = YES;
				CLANG_WARN_DIRECT_OBJC_ISA_USAGE = YES_ERROR;
				CLANG_WARN_DOCUMENTATION_COMMENTS = YES;
				CLANG_WARN_EMPTY_BODY = YES;
				CLANG_WARN_ENUM_CONVERSION = YES;
				CLANG_WARN_INFINITE_RECURSION = YES;
				CLANG_WARN_INT_CONVERSION = YES;
				CLANG_WARN_NON_LITERAL_NULL_CONVERSION = YES;
				CLANG_WARN_OBJC_IMPLICIT_RETAIN_SELF = YES;
				CLANG_WARN_OBJC_LITERAL_CONVERSION = YES;
				CLANG_WARN_OBJC_ROOT_CLASS = YES_ERROR;
				CLANG_WARN_RANGE_LOOP_ANALYSIS = YES;
				CLANG_WARN_STRICT_PROTOTYPES = YES;
				CLANG_WARN_SUSPICIOUS_MOVE = YES;
				CLANG_WARN_UNGUARDED_AVAILABILITY = YES_AGGRESSIVE;
				CLANG_WARN_UNREACHABLE_CODE = YES;
				CLANG_WARN__DUPLICATE_METHOD_MATCH = YES;
				COPY_PHASE_STRIP = NO;
				CURRENT_PROJECT_VERSION = 1;
				DEBUG_INFORMATION_FORMAT = "dwarf-with-dsym";
				ENABLE_NS_ASSERTIONS = NO;
				ENABLE_STRICT_OBJC_MSGSEND = YES;
				GCC_C_LANGUAGE_STANDARD = gnu11;
				GCC_NO_COMMON_BLOCKS = YES;
				GCC_WARN_64_TO_32_BIT_CONVERSION = YES;
				GCC_WARN_ABOUT_RETURN_TYPE = YES_ERROR;
				GCC_WARN_UNDECLARED_SELECTOR = YES;
				GCC_WARN_UNINITIALIZED_AUTOS = YES_AGGRESSIVE;
				GCC_WARN_UNUSED_FUNCTION = YES;
				GCC_WARN_UNUSED_VARIABLE = YES;
				INFOPLIST_FILE = PayMayaExample/Info.plist;
				IPHONEOS_DEPLOYMENT_TARGET = 12.0;
				MTL_ENABLE_DEBUG_INFO = NO;
				MTL_FAST_MATH = YES;
				SDKROOT = iphoneos;
				SWIFT_COMPILATION_MODE = wholemodule;
				SWIFT_OPTIMIZATION_LEVEL = "-O";
				VALIDATE_PRODUCT = YES;
				VERSIONING_SYSTEM = "apple-generic";
				VERSION_INFO_PREFIX = "";
			};
			name = Release;
		};
		BFC6584623D7032E000F5B52 /* Debug */ = {
			isa = XCBuildConfiguration;
			buildSettings = {
				ALWAYS_EMBED_SWIFT_STANDARD_LIBRARIES = YES;
				ASSETCATALOG_COMPILER_APPICON_NAME = AppIcon;
				CLANG_ENABLE_MODULES = YES;
				CODE_SIGN_IDENTITY = "iPhone Developer";
				CODE_SIGN_STYLE = Manual;
				CURRENT_PROJECT_VERSION = 1;
				DEVELOPMENT_TEAM = HAWH5C9J75;
				INFOPLIST_FILE = "$(SRCROOT)/PayMayaExample/Info.plist";
				IPHONEOS_DEPLOYMENT_TARGET = 12.0;
				LD_RUNPATH_SEARCH_PATHS = (
					"$(inherited)",
					"@executable_path/Frameworks",
				);
				MARKETING_VERSION = 0.1;
				PRODUCT_BUNDLE_IDENTIFIER = com.miquido.PaymayaExample;
				PRODUCT_NAME = "$(TARGET_NAME)";
				PROVISIONING_PROFILE_SPECIFIER = "PaymayaExample Development";
				SWIFT_OPTIMIZATION_LEVEL = "-Onone";
				SWIFT_VERSION = 5.0;
				TARGETED_DEVICE_FAMILY = 1;
			};
			name = Debug;
		};
		BFC6584723D7032E000F5B52 /* Release */ = {
			isa = XCBuildConfiguration;
			buildSettings = {
				ALWAYS_EMBED_SWIFT_STANDARD_LIBRARIES = YES;
				ASSETCATALOG_COMPILER_APPICON_NAME = AppIcon;
				CLANG_ENABLE_MODULES = YES;
				CODE_SIGN_IDENTITY = "iPhone Distribution";
				CODE_SIGN_STYLE = Manual;
				CURRENT_PROJECT_VERSION = 1;
				DEVELOPMENT_TEAM = HAWH5C9J75;
				INFOPLIST_FILE = "$(SRCROOT)/PayMayaExample/Info.plist";
				IPHONEOS_DEPLOYMENT_TARGET = 12.0;
				LD_RUNPATH_SEARCH_PATHS = (
					"$(inherited)",
					"@executable_path/Frameworks",
				);
				MARKETING_VERSION = 0.1;
				PRODUCT_BUNDLE_IDENTIFIER = com.miquido.PaymayaExample;
				PRODUCT_NAME = "$(TARGET_NAME)";
				PROVISIONING_PROFILE_SPECIFIER = "PaymayaExample InHouse";
				SWIFT_VERSION = 5.0;
				TARGETED_DEVICE_FAMILY = 1;
			};
			name = Release;
		};
/* End XCBuildConfiguration section */

/* Begin XCConfigurationList section */
		BFC657B623D6FF4E000F5B52 /* Build configuration list for PBXProject "PayMayaExample" */ = {
			isa = XCConfigurationList;
			buildConfigurations = (
				BFC657CE23D6FF4F000F5B52 /* Debug */,
				BFC657CF23D6FF4F000F5B52 /* Release */,
			);
			defaultConfigurationIsVisible = 0;
			defaultConfigurationName = Release;
		};
		BFC6584523D7032E000F5B52 /* Build configuration list for PBXNativeTarget "PayMayaExample" */ = {
			isa = XCConfigurationList;
			buildConfigurations = (
				BFC6584623D7032E000F5B52 /* Debug */,
				BFC6584723D7032E000F5B52 /* Release */,
			);
			defaultConfigurationIsVisible = 0;
			defaultConfigurationName = Release;
		};
/* End XCConfigurationList section */
	};
	rootObject = BFC657B323D6FF4E000F5B52 /* Project object */;
}
